
Microsoft Visual Studio Solution File, Format Version 12.00
# Visual Studio Version 17
VisualStudioVersion = 17.3.32922.545
MinimumVisualStudioVersion = 10.0.40219.1
Project("{FAE04EC0-301F-11D3-BF4B-00C04F79EFBC}") = "WebApiAutores", "WebApiAutores\WebApiAutores.csproj", "{77963FDD-36AB-4202-9E29-2D15C7286531}"
EndProject
Global
	GlobalSection(SolutionConfigurationPlatforms) = preSolution
		Debug|Any CPU = Debug|Any CPU
		Release|Any CPU = Release|Any CPU
	EndGlobalSection
	GlobalSection(ProjectConfigurationPlatforms) = postSolution
		{77963FDD-36AB-4202-9E29-2D15C7286531}.Debug|Any CPU.ActiveCfg = Debug|Any CPU
		{77963FDD-36AB-4202-9E29-2D15C7286531}.Debug|Any CPU.Build.0 = Debug|Any CPU
		{77963FDD-36AB-4202-9E29-2D15C7286531}.Release|Any CPU.ActiveCfg = Release|Any CPU
		{77963FDD-36AB-4202-9E29-2D15C7286531}.Release|Any CPU.Build.0 = Release|Any CPU
	EndGlobalSection
	GlobalSection(SolutionProperties) = preSolution
		HideSolutionNode = FALSE
	EndGlobalSection
	GlobalSection(ExtensibilityGlobals) = postSolution
		SolutionGuid = {403CF6F4-C4E2-4DFD-B7FE-233B6E48E228}
	EndGlobalSection
EndGlobal
